
Microsoft Visual Studio Solution File, Format Version 12.00
# Visual Studio Version 16
VisualStudioVersion = 16.0.30804.86
MinimumVisualStudioVersion = 15.0.26124.0
Project("{9A19103F-16F7-4668-BE54-9A1E7A4F7556}") = "Quest-Project", "Quest-Project\Quest-Project.csproj", "{4C6663B8-42BE-4ED9-81BE-C4AEDC178B75}"
EndProject
Project("{FAE04EC0-301F-11D3-BF4B-00C04F79EFBC}") = "Test-Project", "Test-Project\Test-Project.csproj", "{14EC150C-2428-4779-8A2A-0B838E0B94B9}"
EndProject
Global
	GlobalSection(SolutionConfigurationPlatforms) = preSolution
		Debug|Any CPU = Debug|Any CPU
		Release|Any CPU = Release|Any CPU
	EndGlobalSection
	GlobalSection(ProjectConfigurationPlatforms) = postSolution
		{4C6663B8-42BE-4ED9-81BE-C4AEDC178B75}.Debug|Any CPU.ActiveCfg = Debug|Any CPU
		{4C6663B8-42BE-4ED9-81BE-C4AEDC178B75}.Debug|Any CPU.Build.0 = Debug|Any CPU
		{4C6663B8-42BE-4ED9-81BE-C4AEDC178B75}.Release|Any CPU.ActiveCfg = Release|Any CPU
		{4C6663B8-42BE-4ED9-81BE-C4AEDC178B75}.Release|Any CPU.Build.0 = Release|Any CPU
		{14EC150C-2428-4779-8A2A-0B838E0B94B9}.Debug|Any CPU.ActiveCfg = Debug|Any CPU
		{14EC150C-2428-4779-8A2A-0B838E0B94B9}.Debug|Any CPU.Build.0 = Debug|Any CPU
		{14EC150C-2428-4779-8A2A-0B838E0B94B9}.Release|Any CPU.ActiveCfg = Release|Any CPU
		{14EC150C-2428-4779-8A2A-0B838E0B94B9}.Release|Any CPU.Build.0 = Release|Any CPU
	EndGlobalSection
	GlobalSection(SolutionProperties) = preSolution
		HideSolutionNode = FALSE
	EndGlobalSection
	GlobalSection(ExtensibilityGlobals) = postSolution
		SolutionGuid = {65827AF9-5D43-4E8A-BCAC-4BB660F8CD38}
	EndGlobalSection
EndGlobal
